
Microsoft Visual Studio Solution File, Format Version 12.00
# Visual Studio Version 17
VisualStudioVersion = 17.10.34928.147
MinimumVisualStudioVersion = 10.0.40219.1
Project("{FAE04EC0-301F-11D3-BF4B-00C04F79EFBC}") = "Wallet.API", "Wallet.API\Wallet.API.csproj", "{1C7E1CEA-7B60-4B00-B63C-7FC1B31C5B84}"
EndProject
Global
	GlobalSection(SolutionConfigurationPlatforms) = preSolution
		Debug|Any CPU = Debug|Any CPU
		Release|Any CPU = Release|Any CPU
	EndGlobalSection
	GlobalSection(ProjectConfigurationPlatforms) = postSolution
		{1C7E1CEA-7B60-4B00-B63C-7FC1B31C5B84}.Debug|Any CPU.ActiveCfg = Debug|Any CPU
		{1C7E1CEA-7B60-4B00-B63C-7FC1B31C5B84}.Debug|Any CPU.Build.0 = Debug|Any CPU
		{1C7E1CEA-7B60-4B00-B63C-7FC1B31C5B84}.Release|Any CPU.ActiveCfg = Release|Any CPU
		{1C7E1CEA-7B60-4B00-B63C-7FC1B31C5B84}.Release|Any CPU.Build.0 = Release|Any CPU
	EndGlobalSection
	GlobalSection(SolutionProperties) = preSolution
		HideSolutionNode = FALSE
	EndGlobalSection
	GlobalSection(ExtensibilityGlobals) = postSolution
		SolutionGuid = {C078CAFC-6650-4620-A8F6-217E6017D2AD}
	EndGlobalSection
EndGlobal
